
Microsoft Visual Studio Solution File, Format Version 12.00
# Visual Studio Version 16
VisualStudioVersion = 16.0.30320.27
MinimumVisualStudioVersion = 10.0.40219.1
Project("{9A19103F-16F7-4668-BE54-9A1E7A4F7556}") = "StudentLib", "StudentLib\StudentLib.csproj", "{0339E174-A76C-4187-B7C1-4BBC71DC94A5}"
EndProject
Project("{FAE04EC0-301F-11D3-BF4B-00C04F79EFBC}") = "StudentLibTests", "StudentLibTests\StudentLibTests.csproj", "{FE1132D9-9CC6-4C69-AC24-DCBFCC0EA69F}"
EndProject
Project("{FAE04EC0-301F-11D3-BF4B-00C04F79EFBC}") = "TestUI", "TestUI\TestUI.csproj", "{6524013B-09AB-4C5B-AB88-DD54AE829397}"
EndProject
Global
	GlobalSection(SolutionConfigurationPlatforms) = preSolution
		Debug|Any CPU = Debug|Any CPU
		Release|Any CPU = Release|Any CPU
	EndGlobalSection
	GlobalSection(ProjectConfigurationPlatforms) = postSolution
		{0339E174-A76C-4187-B7C1-4BBC71DC94A5}.Debug|Any CPU.ActiveCfg = Debug|Any CPU
		{0339E174-A76C-4187-B7C1-4BBC71DC94A5}.Debug|Any CPU.Build.0 = Debug|Any CPU
		{0339E174-A76C-4187-B7C1-4BBC71DC94A5}.Release|Any CPU.ActiveCfg = Release|Any CPU
		{0339E174-A76C-4187-B7C1-4BBC71DC94A5}.Release|Any CPU.Build.0 = Release|Any CPU
		{FE1132D9-9CC6-4C69-AC24-DCBFCC0EA69F}.Debug|Any CPU.ActiveCfg = Debug|Any CPU
		{FE1132D9-9CC6-4C69-AC24-DCBFCC0EA69F}.Debug|Any CPU.Build.0 = Debug|Any CPU
		{FE1132D9-9CC6-4C69-AC24-DCBFCC0EA69F}.Release|Any CPU.ActiveCfg = Release|Any CPU
		{FE1132D9-9CC6-4C69-AC24-DCBFCC0EA69F}.Release|Any CPU.Build.0 = Release|Any CPU
		{6524013B-09AB-4C5B-AB88-DD54AE829397}.Debug|Any CPU.ActiveCfg = Debug|Any CPU
		{6524013B-09AB-4C5B-AB88-DD54AE829397}.Debug|Any CPU.Build.0 = Debug|Any CPU
		{6524013B-09AB-4C5B-AB88-DD54AE829397}.Release|Any CPU.ActiveCfg = Release|Any CPU
		{6524013B-09AB-4C5B-AB88-DD54AE829397}.Release|Any CPU.Build.0 = Release|Any CPU
	EndGlobalSection
	GlobalSection(SolutionProperties) = preSolution
		HideSolutionNode = FALSE
	EndGlobalSection
	GlobalSection(ExtensibilityGlobals) = postSolution
		SolutionGuid = {BCBC7BB3-052D-48AB-AB78-2CFCB7FA1742}
	EndGlobalSection
EndGlobal
